{
  "name": "am-i-vibing",
  "version": "0.0.4",
  "lockfileVersion": 3,
  "requires": true,
  "packages": {
    "": {
      "name": "am-i-vibing",
      "version": "0.0.4",
      "license": "MIT",
      "dependencies": {
        "am-i-vibing": "^0.0.4",
        "process-ancestry": "^0.0.2"
      },
      "bin": {
        "am-i-vibing": "dist/cli.js"
      },
      "devDependencies": {
        "@arethetypeswrong/cli": "^0.18.2",
        "@types/node": "^22.16.5",
        "publint": "^0.3.12",
        "tsdown": "^0.12.9",
        "typescript": "^5.8.3",
        "vitest": "^3.2.4"
      }
    },
    "../../node_modules/.pnpm/@arethetypeswrong+cli@0.18.2/node_modules/@arethetypeswrong/cli": {
      "version": "0.18.2",
      "dev": true,
      "license": "MIT",
      "dependencies": {
        "@arethetypeswrong/core": "0.18.2",
        "chalk": "^4.1.2",
        "cli-table3": "^0.6.3",
        "commander": "^10.0.1",
        "marked": "^9.1.2",
        "marked-terminal": "^7.1.0",
        "semver": "^7.5.4"
      },
      "bin": {
        "attw": "dist/index.js"
      },
      "devDependencies": {
        "@types/marked": "^5.0.0",
        "@types/marked-terminal": "^3.1.3",
        "@types/node": "^22.5.0",
        "@types/semver": "^7.5.3",
        "ts-expose-internals": "5.6.1-rc"
      },
      "engines": {
        "node": ">=20"
      }
    },
    "../../node_modules/.pnpm/@types+node@22.16.5/node_modules/@types/node": {
      "version": "22.16.5",
      "dev": true,
      "license": "MIT",
      "dependencies": {
        "undici-types": "~6.21.0"
      }
    },
    "../../node_modules/.pnpm/process-ancestry@0.0.2/node_modules/process-ancestry": {
      "version": "0.0.2",
      "license": "MIT",
      "devDependencies": {
        "@arethetypeswrong/cli": "^0.18.2",
        "@types/feedparser": "^2.2.8",
        "@types/node": "^22.16.4",
        "publint": "^0.3.12",
        "tsup": "^8.5.0",
        "typescript": "^5.8.3"
      },
      "engines": {
        "node": ">=18.0.0"
      }
    },
    "../../node_modules/.pnpm/publint@0.3.12/node_modules/publint": {
      "version": "0.3.12",
      "dev": true,
      "license": "MIT",
      "dependencies": {
        "@publint/pack": "^0.1.2",
        "package-manager-detector": "^1.1.0",
        "picocolors": "^1.1.1",
        "sade": "^1.8.1"
      },
      "bin": {
        "publint": "src/cli.js"
      },
      "devDependencies": {
        "@types/prompts": "^2.4.9",
        "fs-fixture": "^2.7.1",
        "prompts": "^2.4.2",
        "vitest": "^3.1.1"
      },
      "engines": {
        "node": ">=18"
      },
      "funding": {
        "url": "https://bjornlu.com/sponsor"
      }
    },
    "../../node_modules/.pnpm/tsdown@0.12.9_@arethetypeswrong+core@0.18.2_publint@0.3.12_typescript@5.8.3/node_modules/tsdown": {
      "version": "0.12.9",
      "dev": true,
      "license": "MIT",
      "dependencies": {
        "ansis": "^4.1.0",
        "cac": "^6.7.14",
        "chokidar": "^4.0.3",
        "debug": "^4.4.1",
        "diff": "^8.0.2",
        "empathic": "^2.0.0",
        "hookable": "^5.5.3",
        "rolldown": "^1.0.0-beta.19",
        "rolldown-plugin-dts": "^0.13.12",
        "semver": "^7.7.2",
        "tinyexec": "^1.0.1",
        "tinyglobby": "^0.2.14",
        "unconfig": "^7.3.2"
      },
      "bin": {
        "tsdown": "dist/run.mjs"
      },
      "devDependencies": {
        "@arethetypeswrong/core": "^0.18.2",
        "@sxzz/eslint-config": "^7.0.4",
        "@sxzz/prettier-config": "^2.2.3",
        "@sxzz/test-utils": "^0.5.6",
        "@types/debug": "^4.1.12",
        "@types/node": "^24.0.4",
        "@types/semver": "^7.7.0",
        "@unocss/eslint-plugin": "^66.2.3",
        "@vueuse/core": "^13.4.0",
        "bumpp": "^10.2.0",
        "eslint": "^9.29.0",
        "lightningcss": "^1.30.1",
        "pkg-types": "^2.1.0",
        "prettier": "^3.6.0",
        "publint": "^0.3.12",
        "tsx": "^4.20.3",
        "typedoc": "^0.28.5",
        "typedoc-plugin-markdown": "^4.7.0",
        "typescript": "~5.8.3",
        "unocss": "^66.2.3",
        "unplugin-lightningcss": "^0.4.1",
        "unplugin-unused": "^0.5.1",
        "vite": "npm:rolldown-vite@latest",
        "vitepress": "^1.6.3",
        "vitepress-plugin-group-icons": "^1.6.0",
        "vitepress-plugin-llms": "^1.5.1",
        "vitest": "^3.2.4",
        "vue": "^3.5.17"
      },
      "engines": {
        "node": ">=18.0.0"
      },
      "funding": {
        "url": "https://github.com/sponsors/sxzz"
      },
      "peerDependencies": {
        "@arethetypeswrong/core": "^0.18.1",
        "publint": "^0.3.0",
        "typescript": "^5.0.0",
        "unplugin-lightningcss": "^0.4.0",
        "unplugin-unused": "^0.5.0"
      },
      "peerDependenciesMeta": {
        "@arethetypeswrong/core": {
          "optional": true
        },
        "publint": {
          "optional": true
        },
        "typescript": {
          "optional": true
        },
        "unplugin-lightningcss": {
          "optional": true
        },
        "unplugin-unused": {
          "optional": true
        }
      }
    },
    "../../node_modules/.pnpm/typescript@5.8.3/node_modules/typescript": {
      "version": "5.8.3",
      "dev": true,
      "license": "Apache-2.0",
      "bin": {
        "tsc": "bin/tsc",
        "tsserver": "bin/tsserver"
      },
      "devDependencies": {
        "@dprint/formatter": "^0.4.1",
        "@dprint/typescript": "0.93.3",
        "@esfx/canceltoken": "^1.0.0",
        "@eslint/js": "^9.17.0",
        "@octokit/rest": "^21.0.2",
        "@types/chai": "^4.3.20",
        "@types/diff": "^5.2.3",
        "@types/minimist": "^1.2.5",
        "@types/mocha": "^10.0.10",
        "@types/ms": "^0.7.34",
        "@types/node": "latest",
        "@types/source-map-support": "^0.5.10",
        "@types/which": "^3.0.4",
        "@typescript-eslint/rule-tester": "^8.18.1",
        "@typescript-eslint/type-utils": "^8.18.1",
        "@typescript-eslint/utils": "^8.18.1",
        "azure-devops-node-api": "^14.1.0",
        "c8": "^10.1.3",
        "chai": "^4.5.0",
        "chalk": "^4.1.2",
        "chokidar": "^3.6.0",
        "diff": "^5.2.0",
        "dprint": "^0.47.6",
        "esbuild": "^0.24.0",
        "eslint": "^9.17.0",
        "eslint-formatter-autolinkable-stylish": "^1.4.0",
        "eslint-plugin-regexp": "^2.7.0",
        "fast-xml-parser": "^4.5.1",
        "glob": "^10.4.5",
        "globals": "^15.13.0",
        "hereby": "^1.10.0",
        "jsonc-parser": "^3.3.1",
        "knip": "^5.41.0",
        "minimist": "^1.2.8",
        "mocha": "^10.8.2",
        "mocha-fivemat-progress-reporter": "^0.1.0",
        "monocart-coverage-reports": "^2.11.4",
        "ms": "^2.1.3",
        "playwright": "^1.49.1",
        "source-map-support": "^0.5.21",
        "tslib": "^2.8.1",
        "typescript": "^5.7.2",
        "typescript-eslint": "^8.18.1",
        "which": "^3.0.1"
      },
      "engines": {
        "node": ">=14.17"
      }
    },
    "../../node_modules/.pnpm/vitest@3.2.4_@types+node@22.16.5_jiti@2.4.2_tsx@4.20.3/node_modules/vitest": {
      "version": "3.2.4",
      "dev": true,
      "license": "MIT",
      "dependencies": {
        "@types/chai": "^5.2.2",
        "@vitest/expect": "3.2.4",
        "@vitest/mocker": "3.2.4",
        "@vitest/pretty-format": "^3.2.4",
        "@vitest/runner": "3.2.4",
        "@vitest/snapshot": "3.2.4",
        "@vitest/spy": "3.2.4",
        "@vitest/utils": "3.2.4",
        "chai": "^5.2.0",
        "debug": "^4.4.1",
        "expect-type": "^1.2.1",
        "magic-string": "^0.30.17",
        "pathe": "^2.0.3",
        "picomatch": "^4.0.2",
        "std-env": "^3.9.0",
        "tinybench": "^2.9.0",
        "tinyexec": "^0.3.2",
        "tinyglobby": "^0.2.14",
        "tinypool": "^1.1.1",
        "tinyrainbow": "^2.0.0",
        "vite": "^5.0.0 || ^6.0.0 || ^7.0.0-0",
        "vite-node": "3.2.4",
        "why-is-node-running": "^2.3.0"
      },
      "bin": {
        "vitest": "vitest.mjs"
      },
      "devDependencies": {
        "@ampproject/remapping": "^2.3.0",
        "@antfu/install-pkg": "^1.1.0",
        "@edge-runtime/vm": "^5.0.0",
        "@sinonjs/fake-timers": "14.0.0",
        "@types/debug": "^4.1.12",
        "@types/estree": "^1.0.8",
        "@types/istanbul-lib-coverage": "^2.0.6",
        "@types/istanbul-reports": "^3.0.4",
        "@types/jsdom": "^21.1.7",
        "@types/mime": "^4.0.0",
        "@types/node": "^22.15.32",
        "@types/picomatch": "^4.0.0",
        "@types/prompts": "^2.4.9",
        "@types/sinonjs__fake-timers": "^8.1.5",
        "acorn-walk": "^8.3.4",
        "birpc": "2.4.0",
        "cac": "^6.7.14",
        "chai-subset": "^1.6.0",
        "find-up": "^6.3.0",
        "flatted": "^3.3.3",
        "happy-dom": "^17.6.3",
        "jsdom": "^26.1.0",
        "local-pkg": "^1.1.1",
        "mime": "^4.0.7",
        "pretty-format": "^29.7.0",
        "prompts": "^2.4.2",
        "strip-literal": "^3.0.0",
        "ws": "^8.18.2"
      },
      "engines": {
        "node": "^18.0.0 || ^20.0.0 || >=22.0.0"
      },
      "funding": {
        "url": "https://opencollective.com/vitest"
      },
      "peerDependencies": {
        "@edge-runtime/vm": "*",
        "@types/debug": "^4.1.12",
        "@types/node": "^18.0.0 || ^20.0.0 || >=22.0.0",
        "@vitest/browser": "3.2.4",
        "@vitest/ui": "3.2.4",
        "happy-dom": "*",
        "jsdom": "*"
      },
      "peerDependenciesMeta": {
        "@edge-runtime/vm": {
          "optional": true
        },
        "@types/debug": {
          "optional": true
        },
        "@types/node": {
          "optional": true
        },
        "@vitest/browser": {
          "optional": true
        },
        "@vitest/ui": {
          "optional": true
        },
        "happy-dom": {
          "optional": true
        },
        "jsdom": {
          "optional": true
        }
      }
    },
    "node_modules/@arethetypeswrong/cli": {
      "resolved": "../../node_modules/.pnpm/@arethetypeswrong+cli@0.18.2/node_modules/@arethetypeswrong/cli",
      "link": true
    },
    "node_modules/@types/node": {
      "resolved": "../../node_modules/.pnpm/@types+node@22.16.5/node_modules/@types/node",
      "link": true
    },
    "node_modules/am-i-vibing": {
      "version": "0.0.4",
      "resolved": "https://registry.npmjs.org/am-i-vibing/-/am-i-vibing-0.0.4.tgz",
      "integrity": "sha512-eOBbU/ywnHDj4kR+k5jG8CFb6/3MkRbnmK4YaGR/FmFbueCr3KGZc/L5+MZ3QmDwPtQe+WVirTJihMOoPK74fg==",
      "license": "MIT",
      "dependencies": {
        "process-ancestry": "^0.0.2"
      },
      "bin": {
        "am-i-vibing": "dist/cli.js"
      }
    },
    "node_modules/process-ancestry": {
      "resolved": "../../node_modules/.pnpm/process-ancestry@0.0.2/node_modules/process-ancestry",
      "link": true
    },
    "node_modules/publint": {
      "resolved": "../../node_modules/.pnpm/publint@0.3.12/node_modules/publint",
      "link": true
    },
    "node_modules/tsdown": {
      "resolved": "../../node_modules/.pnpm/tsdown@0.12.9_@arethetypeswrong+core@0.18.2_publint@0.3.12_typescript@5.8.3/node_modules/tsdown",
      "link": true
    },
    "node_modules/typescript": {
      "resolved": "../../node_modules/.pnpm/typescript@5.8.3/node_modules/typescript",
      "link": true
    },
    "node_modules/vitest": {
      "resolved": "../../node_modules/.pnpm/vitest@3.2.4_@types+node@22.16.5_jiti@2.4.2_tsx@4.20.3/node_modules/vitest",
      "link": true
    }
  }
}
